
Microsoft Visual Studio Solution File, Format Version 12.00
# Visual Studio Version 17
VisualStudioVersion = 17.13.35825.156 d17.13
MinimumVisualStudioVersion = 10.0.40219.1
Project("{FAE04EC0-301F-11D3-BF4B-00C04F79EFBC}") = "GymMVC", "GymMVC\GymMVC.csproj", "{81B21B72-7B8E-4CC9-8CEC-148941584D9C}"
EndProject
Global
	GlobalSection(SolutionConfigurationPlatforms) = preSolution
		Debug|Any CPU = Debug|Any CPU
		Release|Any CPU = Release|Any CPU
	EndGlobalSection
	GlobalSection(ProjectConfigurationPlatforms) = postSolution
		{81B21B72-7B8E-4CC9-8CEC-148941584D9C}.Debug|Any CPU.ActiveCfg = Debug|Any CPU
		{81B21B72-7B8E-4CC9-8CEC-148941584D9C}.Debug|Any CPU.Build.0 = Debug|Any CPU
		{81B21B72-7B8E-4CC9-8CEC-148941584D9C}.Release|Any CPU.ActiveCfg = Release|Any CPU
		{81B21B72-7B8E-4CC9-8CEC-148941584D9C}.Release|Any CPU.Build.0 = Release|Any CPU
	EndGlobalSection
	GlobalSection(SolutionProperties) = preSolution
		HideSolutionNode = FALSE
	EndGlobalSection
	GlobalSection(ExtensibilityGlobals) = postSolution
		SolutionGuid = {1F8F9C2A-E1BE-4311-9B3C-F718D6A785E4}
	EndGlobalSection
EndGlobal
